<?xml version="1.0" encoding="utf-8"?>
<Project ToolsVersion="4.0" xmlns="http://schemas.microsoft.com/developer/msbuild/2003">
  <ItemGroup>
    <Filter Include="Framework">
      <UniqueIdentifier>{4FC737F1-C7A5-4376-A066-2A32D752A2FF}</UniqueIdentifier>
      <Extensions>cpp;c;cc;cxx;c++;cppm;ixx;def;odl;idl;hpj;bat;asm;asmx</Extensions>
    </Filter>
    <Filter Include="Gameplay">
      <UniqueIdentifier>{6d31e6c2-10a2-44db-ba79-a53d24cd072e}</UniqueIdentifier>
    </Filter>
    <Filter Include="Data">
      <UniqueIdentifier>{5959a16a-ae2c-43aa-bfab-295bcf47749b}</UniqueIdentifier>
    </Filter>
    <Filter Include="Entities">
      <UniqueIdentifier>{d6489d8a-8ad8-4510-8927-c0d8b0207228}</UniqueIdentifier>
    </Filter>
    <Filter Include="Data\Definitions">
      <UniqueIdentifier>{33378880-e62f-46b0-a336-9fe75bdcc334}</UniqueIdentifier>
    </Filter>
    <Filter Include="Tiles">
      <UniqueIdentifier>{21d37f89-6c36-4c53-9a24-0c7e3bb07e17}</UniqueIdentifier>
    </Filter>
    <Filter Include="Data\Maps">
      <UniqueIdentifier>{9aaf6d36-2123-4e22-85cf-38fc0234b29c}</UniqueIdentifier>
    </Filter>
    <Filter Include="Data\Images">
      <UniqueIdentifier>{dfa20df3-4fb3-4d24-9965-53396fbf7fc0}</UniqueIdentifier>
    </Filter>
    <Filter Include="Data\Shaders">
      <UniqueIdentifier>{62ea7a08-0066-4ba1-b680-5d15839c8c71}</UniqueIdentifier>
    </Filter>
    <Filter Include="Data\Textures">
      <UniqueIdentifier>{d1e64668-735f-4191-a2db-09b325b60427}</UniqueIdentifier>
    </Filter>
    <Filter Include="GameDefinitions">
      <UniqueIdentifier>{9afb09b2-2720-46d8-8401-91fe4cd1bca9}</UniqueIdentifier>
    </Filter>
    <Filter Include="Controllers">
      <UniqueIdentifier>{5d12cb02-e57b-4b0c-bd30-054f2783f732}</UniqueIdentifier>
    </Filter>
  </ItemGroup>
  <ItemGroup>
    <ClCompile Include="Main_Windows.cpp">
      <Filter>Framework</Filter>
    </ClCompile>
    <ClCompile Include="App.cpp">
      <Filter>Framework</Filter>
    </ClCompile>
    <ClCompile Include="GameCommon.cpp">
      <Filter>Framework</Filter>
    </ClCompile>
    <ClCompile Include="Game.cpp">
      <Filter>Gameplay</Filter>
    </ClCompile>
    <ClCompile Include="Player.cpp">
      <Filter>Entities</Filter>
    </ClCompile>
    <ClCompile Include="Tile.cpp">
      <Filter>Tiles</Filter>
    </ClCompile>
    <ClCompile Include="Map.cpp">
      <Filter>Tiles</Filter>
    </ClCompile>
    <ClCompile Include="Actor.cpp">
      <Filter>Entities</Filter>
    </ClCompile>
    <ClCompile Include="ActorHandle.cpp">
      <Filter>Entities</Filter>
    </ClCompile>
    <ClCompile Include="TileDefinitions.cpp">
      <Filter>GameDefinitions</Filter>
    </ClCompile>
    <ClCompile Include="ActorDefinitions.cpp">
      <Filter>GameDefinitions</Filter>
    </ClCompile>
    <ClCompile Include="MapDefinition.cpp">
      <Filter>GameDefinitions</Filter>
    </ClCompile>
    <ClCompile Include="Controller.cpp">
      <Filter>Controllers</Filter>
    </ClCompile>
    <ClCompile Include="AiController.cpp">
      <Filter>Controllers</Filter>
    </ClCompile>
    <ClCompile Include="PlayerController.cpp">
      <Filter>Controllers</Filter>
    </ClCompile>
    <ClCompile Include="WeaponDefinition.cpp">
      <Filter>GameDefinitions</Filter>
    </ClCompile>
  </ItemGroup>
  <ItemGroup>
    <ClInclude Include="GameCommon.hpp">
      <Filter>Framework</Filter>
    </ClInclude>
    <ClInclude Include="App.hpp">
      <Filter>Framework</Filter>
    </ClInclude>
    <ClInclude Include="EngineBuildPreferences.hpp">
      <Filter>Framework</Filter>
    </ClInclude>
    <ClInclude Include="Game.hpp">
      <Filter>Gameplay</Filter>
    </ClInclude>
    <ClInclude Include="Player.hpp">
      <Filter>Entities</Filter>
    </ClInclude>
    <ClInclude Include="Tile.hpp">
      <Filter>Tiles</Filter>
    </ClInclude>
    <ClInclude Include="Map.hpp">
      <Filter>Tiles</Filter>
    </ClInclude>
    <ClInclude Include="Actor.hpp">
      <Filter>Entities</Filter>
    </ClInclude>
    <ClInclude Include="ActorHandle.hpp">
      <Filter>Entities</Filter>
    </ClInclude>
    <ClInclude Include="TileDefinitions.hpp">
      <Filter>GameDefinitions</Filter>
    </ClInclude>
    <ClInclude Include="ActorDefinitions.hpp">
      <Filter>GameDefinitions</Filter>
    </ClInclude>
    <ClInclude Include="MapDefinition.hpp">
      <Filter>GameDefinitions</Filter>
    </ClInclude>
    <ClInclude Include="Controller.hpp">
      <Filter>Controllers</Filter>
    </ClInclude>
    <ClInclude Include="AiController.hpp">
      <Filter>Controllers</Filter>
    </ClInclude>
    <ClInclude Include="PlayerController.hpp">
      <Filter>Controllers</Filter>
    </ClInclude>
    <ClInclude Include="WeaponDefinition.hpp">
      <Filter>GameDefinitions</Filter>
    </ClInclude>
  </ItemGroup>
  <ItemGroup>
    <Xml Include="..\..\Run\Data\Definitions\GameConfig.xml">
      <Filter>Data\Definitions</Filter>
    </Xml>
    <Xml Include="..\..\Run\Data\Definitions\MapDefinitions.xml">
      <Filter>Data\Definitions</Filter>
    </Xml>
    <Xml Include="..\..\Run\Data\Definitions\TileDefinitions.xml">
      <Filter>Data\Definitions</Filter>
    </Xml>
    <Xml Include="..\..\Run\Data\GameConfig.xml">
      <Filter>Data</Filter>
    </Xml>
    <Xml Include="..\..\Run\Data\Definitions\ActorDefinitions.xml">
      <Filter>Data\Definitions</Filter>
    </Xml>
    <Xml Include="..\..\Run\Data\Definitions\ProjectileActorDefinitions.xml">
      <Filter>Data\Definitions</Filter>
    </Xml>
    <Xml Include="..\..\Run\Data\Definitions\WeaponDefinitions.xml">
      <Filter>Data\Definitions</Filter>
    </Xml>
  </ItemGroup>
  <ItemGroup>
    <Image Include="..\..\Run\Data\Maps\MPMap.png">
      <Filter>Data\Maps</Filter>
    </Image>
    <Image Include="..\..\Run\Data\Maps\PortalMap.png">
      <Filter>Data\Maps</Filter>
    </Image>
    <Image Include="..\..\Run\Data\Maps\TestMap.png">
      <Filter>Data\Maps</Filter>
    </Image>
    <Image Include="..\..\Run\Data\Images\Actor_Marine_7x9.png">
      <Filter>Data\Images</Filter>
    </Image>
    <Image Include="..\..\Run\Data\Images\Actor_Pinky_8x9.png">
      <Filter>Data\Images</Filter>
    </Image>
    <Image Include="..\..\Run\Data\Images\Hud_Base.png">
      <Filter>Data\Images</Filter>
    </Image>
    <Image Include="..\..\Run\Data\Images\Plasma.png">
      <Filter>Data\Images</Filter>
    </Image>
    <Image Include="..\..\Run\Data\Images\Projectile_BloodSplatter.png">
      <Filter>Data\Images</Filter>
    </Image>
    <Image Include="..\..\Run\Data\Images\Projectile_PistolHit.png">
      <Filter>Data\Images</Filter>
    </Image>
    <Image Include="..\..\Run\Data\Images\Projectile_Plasma.png">
      <Filter>Data\Images</Filter>
    </Image>
    <Image Include="..\..\Run\Data\Images\Projectile_PlasmaHit.png">
      <Filter>Data\Images</Filter>
    </Image>
    <Image Include="..\..\Run\Data\Images\Reticle.png">
      <Filter>Data\Images</Filter>
    </Image>
    <Image Include="..\..\Run\Data\Images\Terrain_8x8.png">
      <Filter>Data\Images</Filter>
    </Image>
    <Image Include="..\..\Run\Data\Images\TestUV.png">
      <Filter>Data\Images</Filter>
    </Image>
    <Image Include="..\..\Run\Data\Images\Weapon_Pistol.png">
      <Filter>Data\Images</Filter>
    </Image>
    <Image Include="..\..\Run\Data\Images\Weapon_Plasma.png">
      <Filter>Data\Images</Filter>
    </Image>
    <Image Include="..\..\Run\Data\Textures\PlayerTankBase.png">
      <Filter>Data\Textures</Filter>
    </Image>
    <Image Include="..\..\Run\Data\Textures\PlayerTankTop.png">
      <Filter>Data\Textures</Filter>
    </Image>
    <Image Include="..\..\Run\Data\Textures\teemo_texture.png">
      <Filter>Data\Textures</Filter>
    </Image>
    <Image Include="..\..\Run\Data\Textures\Test_StbiFlippedAndOpenGL.png">
      <Filter>Data\Textures</Filter>
    </Image>
    <Image Include="..\..\Run\Data\Textures\TestUV.png">
      <Filter>Data\Textures</Filter>
    </Image>
  </ItemGroup>
  <ItemGroup>
    <FxCompile Include="..\..\Run\Data\Shaders\Diffuse.hlsl">
      <Filter>Data\Shaders</Filter>
    </FxCompile>
  </ItemGroup>
</Project>